<?xml version="1.0" encoding="utf-8"?>
<Project ToolsVersion="4.0" xmlns="http://schemas.microsoft.com/developer/msbuild/2003">
  <ItemGroup>
    <Filter Include="源文件">
      <UniqueIdentifier>{4FC737F1-C7A5-4376-A066-2A32D752A2FF}</UniqueIdentifier>
      <Extensions>cpp;c;cc;cxx;def;odl;idl;hpj;bat;asm;asmx</Extensions>
    </Filter>
    <Filter Include="头文件">
      <UniqueIdentifier>{93995380-89BD-4b04-88EB-625FBE52EBFB}</UniqueIdentifier>
      <Extensions>h;hpp;hxx;hm;inl;inc;xsd</Extensions>
    </Filter>
    <Filter Include="资源文件">
      <UniqueIdentifier>{67DA6AB6-F800-4c08-8B7A-83BB121AAD01}</UniqueIdentifier>
      <Extensions>rc;ico;cur;bmp;dlg;rc2;rct;bin;rgs;gif;jpg;jpeg;jpe;resx;tiff;tif;png;wav;mfcribbon-ms</Extensions>
    </Filter>
  </ItemGroup>
  <ItemGroup>
    <None Include="ReadMe.txt" />
    <None Include="MegaGuiCHN.def">
      <Filter>源文件</Filter>
    </None>
    <None Include="res\MegaGuiCHN.rc2">
      <Filter>资源文件</Filter>
    </None>
    <None Include="res\bmp00004.bmp">
      <Filter>资源文件</Filter>
    </None>
    <None Include="res\single.bmp">
      <Filter>资源文件</Filter>
    </None>
    <None Include="res\bmp00006.bmp">
      <Filter>资源文件</Filter>
    </None>
    <None Include="res\sect8.bmp">
      <Filter>资源文件</Filter>
    </None>
    <None Include="res\sect7.bmp">
      <Filter>资源文件</Filter>
    </None>
    <None Include="res\sect6.bmp">
      <Filter>资源文件</Filter>
    </None>
    <None Include="res\sect5.bmp">
      <Filter>资源文件</Filter>
    </None>
    <None Include="res\sect4.bmp">
      <Filter>资源文件</Filter>
    </None>
    <None Include="res\sect3.bmp">
      <Filter>资源文件</Filter>
    </None>
    <None Include="res\sect2.bmp">
      <Filter>资源文件</Filter>
    </None>
    <None Include="res\sect1.bmp">
      <Filter>资源文件</Filter>
    </None>
    <None Include="res\partial.bmp">
      <Filter>资源文件</Filter>
    </None>
    <None Include="res\para\s.bmp">
      <Filter>资源文件</Filter>
    </None>
    <None Include="res\bitmap4.bmp">
      <Filter>资源文件</Filter>
    </None>
    <None Include="res\para\q.bmp">
      <Filter>资源文件</Filter>
    </None>
    <None Include="res\para\m1.bmp">
      <Filter>资源文件</Filter>
    </None>
    <None Include="res\para\m0.bmp">
      <Filter>资源文件</Filter>
    </None>
    <None Include="res\para\gsup.bmp">
      <Filter>资源文件</Filter>
    </None>
    <None Include="res\para\ginf.bmp">
      <Filter>资源文件</Filter>
    </None>
    <None Include="res\para\c.bmp">
      <Filter>资源文件</Filter>
    </None>
    <None Include="res\bmp00003.bmp">
      <Filter>资源文件</Filter>
    </None>
    <None Include="res\bmp00002.bmp">
      <Filter>资源文件</Filter>
    </None>
    <None Include="res\bitmap3.bmp">
      <Filter>资源文件</Filter>
    </None>
    <None Include="res\bmp00001.bmp">
      <Filter>资源文件</Filter>
    </None>
    <None Include="res\circlesingle.bmp">
      <Filter>资源文件</Filter>
    </None>
    <None Include="res\circlefourpin.bmp">
      <Filter>资源文件</Filter>
    </None>
    <None Include="res\bmp00005.bmp">
      <Filter>资源文件</Filter>
    </None>
    <None Include="res\bengou.bmp">
      <Filter>资源文件</Filter>
    </None>
    <None Include="res\6spin.bmp">
      <Filter>资源文件</Filter>
    </None>
    <None Include="res\6array.bmp">
      <Filter>资源文件</Filter>
    </None>
    <None Include="res\fourspin.bmp">
      <Filter>资源文件</Filter>
    </None>
    <None Include="res\fourarray.bmp">
      <Filter>资源文件</Filter>
    </None>
  </ItemGroup>
  <ItemGroup>
    <ClCompile Include="MegaGuiCHN.cpp">
      <Filter>源文件</Filter>
    </ClCompile>
    <ClCompile Include="stdafx.cpp">
      <Filter>源文件</Filter>
    </ClCompile>
  </ItemGroup>
  <ItemGroup>
    <ClInclude Include="MegaGuiCHN.h">
      <Filter>头文件</Filter>
    </ClInclude>
    <ClInclude Include="stdafx.h">
      <Filter>头文件</Filter>
    </ClInclude>
    <ClInclude Include="targetver.h">
      <Filter>头文件</Filter>
    </ClInclude>
    <ClInclude Include="Resource.h">
      <Filter>头文件</Filter>
    </ClInclude>
  </ItemGroup>
  <ItemGroup>
    <ResourceCompile Include="MegaGuiCHN.rc">
      <Filter>资源文件</Filter>
    </ResourceCompile>
  </ItemGroup>
</Project>